// !$*UTF8*$!
{
	archiveVersion = 1;
	classes = {
	};
	objectVersion = 50;
	objects = {

/* Begin PBXBuildFile section */
		667D980B235E1E05002B1FFE /* AppDelegate.swift in Sources */ = {isa = PBXBuildFile; fileRef = 667D980A235E1E05002B1FFE /* AppDelegate.swift */; };
		667D980D235E1E05002B1FFE /* SceneDelegate.swift in Sources */ = {isa = PBXBuildFile; fileRef = 667D980C235E1E05002B1FFE /* SceneDelegate.swift */; };
		667D980F235E1E05002B1FFE /* ViewController.swift in Sources */ = {isa = PBXBuildFile; fileRef = 667D980E235E1E05002B1FFE /* ViewController.swift */; };
		667D9812235E1E05002B1FFE /* Main.storyboard in Resources */ = {isa = PBXBuildFile; fileRef = 667D9810235E1E05002B1FFE /* Main.storyboard */; };
		667D9814235E1E07002B1FFE /* Assets.xcassets in Resources */ = {isa = PBXBuildFile; fileRef = 667D9813235E1E07002B1FFE /* Assets.xcassets */; };
		667D9817235E1E07002B1FFE /* LaunchScreen.storyboard in Resources */ = {isa = PBXBuildFile; fileRef = 667D9815235E1E07002B1FFE /* LaunchScreen.storyboard */; };
/* End PBXBuildFile section */

/* Begin PBXFileReference section */
		667D9807235E1E05002B1FFE /* tabela-dinamica-refeicoes.app */ = {isa = PBXFileReference; explicitFileType = wrapper.application; includeInIndex = 0; path = "tabela-dinamica-refeicoes.app"; sourceTree = BUILT_PRODUCTS_DIR; };
		667D980A235E1E05002B1FFE /* AppDelegate.swift */ = {isa = PBXFileReference; lastKnownFileType = sourcecode.swift; path = AppDelegate.swift; sourceTree = "<group>"; };
		667D980C235E1E05002B1FFE /* SceneDelegate.swift */ = {isa = PBXFileReference; lastKnownFileType = sourcecode.swift; path = SceneDelegate.swift; sourceTree = "<group>"; };
		667D980E235E1E05002B1FFE /* ViewController.swift */ = {isa = PBXFileReference; lastKnownFileType = sourcecode.swift; path = ViewController.swift; sourceTree = "<group>"; };
		667D9811235E1E05002B1FFE /* Base */ = {isa = PBXFileReference; lastKnownFileType = file.storyboard; name = Base; path = Base.lproj/Main.storyboard; sourceTree = "<group>"; };
		667D9813235E1E07002B1FFE /* Assets.xcassets */ = {isa = PBXFileReference; lastKnownFileType = folder.assetcatalog; path = Assets.xcassets; sourceTree = "<group>"; };
		667D9816235E1E07002B1FFE /* Base */ = {isa = PBXFileReference; lastKnownFileType = file.storyboard; name = Base; path = Base.lproj/LaunchScreen.storyboard; sourceTree = "<group>"; };
		667D9818235E1E07002B1FFE /* Info.plist */ = {isa = PBXFileReference; lastKnownFileType = text.plist.xml; path = Info.plist; sourceTree = "<group>"; };
/* End PBXFileReference section */

/* Begin PBXFrameworksBuildPhase section */
		667D9804235E1E05002B1FFE /* Frameworks */ = {
			isa = PBXFrameworksBuildPhase;
			buildActionMask = 2147483647;
			files = (
			);
			runOnlyForDeploymentPostprocessing = 0;
		};
/* End PBXFrameworksBuildPhase section */

/* Begin PBXGroup section */
		667D97FE235E1E05002B1FFE = {
			isa = PBXGroup;
			children = (
				667D9809235E1E05002B1FFE /* tabela-dinamica-refeicoes */,
				667D9808235E1E05002B1FFE /* Products */,
			);
			sourceTree = "<group>";
		};
		667D9808235E1E05002B1FFE /* Products */ = {
			isa = PBXGroup;
			children = (
				667D9807235E1E05002B1FFE /* tabela-dinamica-refeicoes.app */,
			);
			name = Products;
			sourceTree = "<group>";
		};
		667D9809235E1E05002B1FFE /* tabela-dinamica-refeicoes */ = {
			isa = PBXGroup;
			children = (
				667D980A235E1E05002B1FFE /* AppDelegate.swift */,
				667D980C235E1E05002B1FFE /* SceneDelegate.swift */,
				667D980E235E1E05002B1FFE /* ViewController.swift */,
				667D9810235E1E05002B1FFE /* Main.storyboard */,
				667D9813235E1E07002B1FFE /* Assets.xcassets */,
				667D9815235E1E07002B1FFE /* LaunchScreen.storyboard */,
				667D9818235E1E07002B1FFE /* Info.plist */,
			);
			path = "tabela-dinamica-refeicoes";
			sourceTree = "<group>";
		};
/* End PBXGroup section */

/* Begin PBXNativeTarget section */
		667D9806235E1E05002B1FFE /* tabela-dinamica-refeicoes */ = {
			isa = PBXNativeTarget;
			buildConfigurationList = 667D981B235E1E07002B1FFE /* Build configuration list for PBXNativeTarget "tabela-dinamica-refeicoes" */;
			buildPhases = (
				667D9803235E1E05002B1FFE /* Sources */,
				667D9804235E1E05002B1FFE /* Frameworks */,
				667D9805235E1E05002B1FFE /* Resources */,
			);
			buildRules = (
			);
			dependencies = (
			);
			name = "tabela-dinamica-refeicoes";
			productName = "tabela-dinamica-refeicoes";
			productReference = 667D9807235E1E05002B1FFE /* tabela-dinamica-refeicoes.app */;
			productType = "com.apple.product-type.application";
		};
/* End PBXNativeTarget section */

/* Begin PBXProject section */
		667D97FF235E1E05002B1FFE /* Project object */ = {
			isa = PBXProject;
			attributes = {
				LastSwiftUpdateCheck = 1110;
				LastUpgradeCheck = 1110;
				ORGANIZATIONNAME = coda;
				TargetAttributes = {
					667D9806235E1E05002B1FFE = {
						CreatedOnToolsVersion = 11.1;
					};
				};
			};
			buildConfigurationList = 667D9802235E1E05002B1FFE /* Build configuration list for PBXProject "tabela-dinamica-refeicoes" */;
			compatibilityVersion = "Xcode 9.3";
			developmentRegion = en;
			hasScannedForEncodings = 0;
			knownRegions = (
				en,
				Base,
			);
			mainGroup = 667D97FE235E1E05002B1FFE;
			productRefGroup = 667D9808235E1E05002B1FFE /* Products */;
			projectDirPath = "";
			projectRoot = "";
			targets = (
				667D9806235E1E05002B1FFE /* tabela-dinamica-refeicoes */,
			);
		};
/* End PBXProject section */

/* Begin PBXResourcesBuildPhase section */
		667D9805235E1E05002B1FFE /* Resources */ = {
			isa = PBXResourcesBuildPhase;
			buildActionMask = 2147483647;
			files = (
				667D9817235E1E07002B1FFE /* LaunchScreen.storyboard in Resources */,
				667D9814235E1E07002B1FFE /* Assets.xcassets in Resources */,
				667D9812235E1E05002B1FFE /* Main.storyboard in Resources */,
			);
			runOnlyForDeploymentPostprocessing = 0;
		};
/* End PBXResourcesBuildPhase section */

/* Begin PBXSourcesBuildPhase section */
		667D9803235E1E05002B1FFE /* Sources */ = {
			isa = PBXSourcesBuildPhase;
			buildActionMask = 2147483647;
			files = (
				667D980F235E1E05002B1FFE /* ViewController.swift in Sources */,
				667D980B235E1E05002B1FFE /* AppDelegate.swift in Sources */,
				667D980D235E1E05002B1FFE /* SceneDelegate.swift in Sources */,
			);
			runOnlyForDeploymentPostprocessing = 0;
		};
/* End PBXSourcesBuildPhase section */

/* Begin PBXVariantGroup section */
		667D9810235E1E05002B1FFE /* Main.storyboard */ = {
			isa = PBXVariantGroup;
			children = (
				667D9811235E1E05002B1FFE /* Base */,
			);
			name = Main.storyboard;
			sourceTree = "<group>";
		};
		667D9815235E1E07002B1FFE /* LaunchScreen.storyboard */ = {
			isa = PBXVariantGroup;
			children = (
				667D9816235E1E07002B1FFE /* Base */,
			);
			name = LaunchScreen.storyboard;
			sourceTree = "<group>";
		};
/* End PBXVariantGroup section */

/* Begin XCBuildConfiguration section */
		667D9819235E1E07002B1FFE /* Debug */ = {
			isa = XCBuildConfiguration;
			buildSettings = {
				ALWAYS_SEARCH_USER_PATHS = NO;
				CLANG_ANALYZER_NONNULL = YES;
				CLANG_ANALYZER_NUMBER_OBJECT_CONVERSION = YES_AGGRESSIVE;
				CLANG_CXX_LANGUAGE_STANDARD = "gnu++14";
				CLANG_CXX_LIBRARY = "libc++";
				CLANG_ENABLE_MODULES = YES;
				CLANG_ENABLE_OBJC_ARC = YES;
				CLANG_ENABLE_OBJC_WEAK = YES;
				CLANG_WARN_BLOCK_CAPTURE_AUTORELEASING = YES;
				CLANG_WARN_BOOL_CONVERSION = YES;
				CLANG_WARN_COMMA = YES;
				CLANG_WARN_CONSTANT_CONVERSION = YES;
				CLANG_WARN_DEPRECATED_OBJC_IMPLEMENTATIONS = YES;
				CLANG_WARN_DIRECT_OBJC_ISA_USAGE = YES_ERROR;
				CLANG_WARN_DOCUMENTATION_COMMENTS = YES;
				CLANG_WARN_EMPTY_BODY = YES;
				CLANG_WARN_ENUM_CONVERSION = YES;
				CLANG_WARN_INFINITE_RECURSION = YES;
				CLANG_WARN_INT_CONVERSION = YES;
				CLANG_WARN_NON_LITERAL_NULL_CONVERSION = YES;
				CLANG_WARN_OBJC_IMPLICIT_RETAIN_SELF = YES;
				CLANG_WARN_OBJC_LITERAL_CONVERSION = YES;
				CLANG_WARN_OBJC_ROOT_CLASS = YES_ERROR;
				CLANG_WARN_RANGE_LOOP_ANALYSIS = YES;
				CLANG_WARN_STRICT_PROTOTYPES = YES;
				CLANG_WARN_SUSPICIOUS_MOVE = YES;
				CLANG_WARN_UNGUARDED_AVAILABILITY = YES_AGGRESSIVE;
				CLANG_WARN_UNREACHABLE_CODE = YES;
				CLANG_WARN__DUPLICATE_METHOD_MATCH = YES;
				COPY_PHASE_STRIP = NO;
				DEBUG_INFORMATION_FORMAT = dwarf;
				ENABLE_STRICT_OBJC_MSGSEND = YES;
				ENABLE_TESTABILITY = YES;
				GCC_C_LANGUAGE_STANDARD = gnu11;
				GCC_DYNAMIC_NO_PIC = NO;
				GCC_NO_COMMON_BLOCKS = YES;
				GCC_OPTIMIZATION_LEVEL = 0;
				GCC_PREPROCESSOR_DEFINITIONS = (
					"DEBUG=1",
					"$(inherited)",
				);
				GCC_WARN_64_TO_32_BIT_CONVERSION = YES;
				GCC_WARN_ABOUT_RETURN_TYPE = YES_ERROR;
				GCC_WARN_UNDECLARED_SELECTOR = YES;
				GCC_WARN_UNINITIALIZED_AUTOS = YES_AGGRESSIVE;
				GCC_WARN_UNUSED_FUNCTION = YES;
				GCC_WARN_UNUSED_VARIABLE = YES;
				IPHONEOS_DEPLOYMENT_TARGET = 13.1;
				MTL_ENABLE_DEBUG_INFO = INCLUDE_SOURCE;
				MTL_FAST_MATH = YES;
				ONLY_ACTIVE_ARCH = YES;
				SDKROOT = iphoneos;
				SWIFT_ACTIVE_COMPILATION_CONDITIONS = DEBUG;
				SWIFT_OPTIMIZATION_LEVEL = "-Onone";
			};
			name = Debug;
		};
		667D981A235E1E07002B1FFE /* Release */ = {
			isa = XCBuildConfiguration;
			buildSettings = {
				ALWAYS_SEARCH_USER_PATHS = NO;
				CLANG_ANALYZER_NONNULL = YES;
				CLANG_ANALYZER_NUMBER_OBJECT_CONVERSION = YES_AGGRESSIVE;
				CLANG_CXX_LANGUAGE_STANDARD = "gnu++14";
				CLANG_CXX_LIBRARY = "libc++";
				CLANG_ENABLE_MODULES = YES;
				CLANG_ENABLE_OBJC_ARC = YES;
				CLANG_ENABLE_OBJC_WEAK = YES;
				CLANG_WARN_BLOCK_CAPTURE_AUTORELEASING = YES;
				CLANG_WARN_BOOL_CONVERSION = YES;
				CLANG_WARN_COMMA = YES;
				CLANG_WARN_CONSTANT_CONVERSION = YES;
				CLANG_WARN_DEPRECATED_OBJC_IMPLEMENTATIONS = YES;
				CLANG_WARN_DIRECT_OBJC_ISA_USAGE = YES_ERROR;
				CLANG_WARN_DOCUMENTATION_COMMENTS = YES;
				CLANG_WARN_EMPTY_BODY = YES;
				CLANG_WARN_ENUM_CONVERSION = YES;
				CLANG_WARN_INFINITE_RECURSION = YES;
				CLANG_WARN_INT_CONVERSION = YES;
				CLANG_WARN_NON_LITERAL_NULL_CONVERSION = YES;
				CLANG_WARN_OBJC_IMPLICIT_RETAIN_SELF = YES;
				CLANG_WARN_OBJC_LITERAL_CONVERSION = YES;
				CLANG_WARN_OBJC_ROOT_CLASS = YES_ERROR;
				CLANG_WARN_RANGE_LOOP_ANALYSIS = YES;
				CLANG_WARN_STRICT_PROTOTYPES = YES;
				CLANG_WARN_SUSPICIOUS_MOVE = YES;
				CLANG_WARN_UNGUARDED_AVAILABILITY = YES_AGGRESSIVE;
				CLANG_WARN_UNREACHABLE_CODE = YES;
				CLANG_WARN__DUPLICATE_METHOD_MATCH = YES;
				COPY_PHASE_STRIP = NO;
				DEBUG_INFORMATION_FORMAT = "dwarf-with-dsym";
				ENABLE_NS_ASSERTIONS = NO;
				ENABLE_STRICT_OBJC_MSGSEND = YES;
				GCC_C_LANGUAGE_STANDARD = gnu11;
				GCC_NO_COMMON_BLOCKS = YES;
				GCC_WARN_64_TO_32_BIT_CONVERSION = YES;
				GCC_WARN_ABOUT_RETURN_TYPE = YES_ERROR;
				GCC_WARN_UNDECLARED_SELECTOR = YES;
				GCC_WARN_UNINITIALIZED_AUTOS = YES_AGGRESSIVE;
				GCC_WARN_UNUSED_FUNCTION = YES;
				GCC_WARN_UNUSED_VARIABLE = YES;
				IPHONEOS_DEPLOYMENT_TARGET = 13.1;
				MTL_ENABLE_DEBUG_INFO = NO;
				MTL_FAST_MATH = YES;
				SDKROOT = iphoneos;
				SWIFT_COMPILATION_MODE = wholemodule;
				SWIFT_OPTIMIZATION_LEVEL = "-O";
				VALIDATE_PRODUCT = YES;
			};
			name = Release;
		};
		667D981C235E1E07002B1FFE /* Debug */ = {
			isa = XCBuildConfiguration;
			buildSettings = {
				ASSETCATALOG_COMPILER_APPICON_NAME = AppIcon;
				CODE_SIGN_STYLE = Automatic;
				DEVELOPMENT_TEAM = TMXXYN9389;
				INFOPLIST_FILE = "tabela-dinamica-refeicoes/Info.plist";
				LD_RUNPATH_SEARCH_PATHS = (
					"$(inherited)",
					"@executable_path/Frameworks",
				);
				PRODUCT_BUNDLE_IDENTIFIER = "com.coda.tabela-dinamica-refeicoes";
				PRODUCT_NAME = "$(TARGET_NAME)";
				SWIFT_VERSION = 5.0;
				TARGETED_DEVICE_FAMILY = "1,2";
			};
			name = Debug;
		};
		667D981D235E1E07002B1FFE /* Release */ = {
			isa = XCBuildConfiguration;
			buildSettings = {
				ASSETCATALOG_COMPILER_APPICON_NAME = AppIcon;
				CODE_SIGN_STYLE = Automatic;
				DEVELOPMENT_TEAM = TMXXYN9389;
				INFOPLIST_FILE = "tabela-dinamica-refeicoes/Info.plist";
				LD_RUNPATH_SEARCH_PATHS = (
					"$(inherited)",
					"@executable_path/Frameworks",
				);
				PRODUCT_BUNDLE_IDENTIFIER = "com.coda.tabela-dinamica-refeicoes";
				PRODUCT_NAME = "$(TARGET_NAME)";
				SWIFT_VERSION = 5.0;
				TARGETED_DEVICE_FAMILY = "1,2";
			};
			name = Release;
		};
/* End XCBuildConfiguration section */

/* Begin XCConfigurationList section */
		667D9802235E1E05002B1FFE /* Build configuration list for PBXProject "tabela-dinamica-refeicoes" */ = {
			isa = XCConfigurationList;
			buildConfigurations = (
				667D9819235E1E07002B1FFE /* Debug */,
				667D981A235E1E07002B1FFE /* Release */,
			);
			defaultConfigurationIsVisible = 0;
			defaultConfigurationName = Release;
		};
		667D981B235E1E07002B1FFE /* Build configuration list for PBXNativeTarget "tabela-dinamica-refeicoes" */ = {
			isa = XCConfigurationList;
			buildConfigurations = (
				667D981C235E1E07002B1FFE /* Debug */,
				667D981D235E1E07002B1FFE /* Release */,
			);
			defaultConfigurationIsVisible = 0;
			defaultConfigurationName = Release;
		};
/* End XCConfigurationList section */
	};
	rootObject = 667D97FF235E1E05002B1FFE /* Project object */;
}
